// !$*UTF8*$!
{
	archiveVersion = 1;
	classes = {
	};
	objectVersion = 46;
	objects = {

/* Begin PBXBuildFile section */
		F09B08FA1BE2C211003E5C30 /* AppDelegate.swift in Sources */ = {isa = PBXBuildFile; fileRef = F09B08F91BE2C211003E5C30 /* AppDelegate.swift */; };
		F09B08FC1BE2C211003E5C30 /* RootViewController.swift in Sources */ = {isa = PBXBuildFile; fileRef = F09B08FB1BE2C211003E5C30 /* RootViewController.swift */; };
		F09B08FE1BE2C211003E5C30 /* DataViewController.swift in Sources */ = {isa = PBXBuildFile; fileRef = F09B08FD1BE2C211003E5C30 /* DataViewController.swift */; };
		F09B09001BE2C211003E5C30 /* ModelController.swift in Sources */ = {isa = PBXBuildFile; fileRef = F09B08FF1BE2C211003E5C30 /* ModelController.swift */; };
		F09B09031BE2C211003E5C30 /* Main.storyboard in Resources */ = {isa = PBXBuildFile; fileRef = F09B09011BE2C211003E5C30 /* Main.storyboard */; };
		F09B09051BE2C211003E5C30 /* Assets.xcassets in Resources */ = {isa = PBXBuildFile; fileRef = F09B09041BE2C211003E5C30 /* Assets.xcassets */; };
		F09B09081BE2C211003E5C30 /* LaunchScreen.storyboard in Resources */ = {isa = PBXBuildFile; fileRef = F09B09061BE2C211003E5C30 /* LaunchScreen.storyboard */; };
		F09B09131BE2C211003E5C30 /* KanaTests.swift in Sources */ = {isa = PBXBuildFile; fileRef = F09B09121BE2C211003E5C30 /* KanaTests.swift */; };
		F09B091E1BE2C211003E5C30 /* KanaUITests.swift in Sources */ = {isa = PBXBuildFile; fileRef = F09B091D1BE2C211003E5C30 /* KanaUITests.swift */; };
/* End PBXBuildFile section */

/* Begin PBXContainerItemProxy section */
		F09B090F1BE2C211003E5C30 /* PBXContainerItemProxy */ = {
			isa = PBXContainerItemProxy;
			containerPortal = F09B08EE1BE2C210003E5C30 /* Project object */;
			proxyType = 1;
			remoteGlobalIDString = F09B08F51BE2C210003E5C30;
			remoteInfo = Kana;
		};
		F09B091A1BE2C211003E5C30 /* PBXContainerItemProxy */ = {
			isa = PBXContainerItemProxy;
			containerPortal = F09B08EE1BE2C210003E5C30 /* Project object */;
			proxyType = 1;
			remoteGlobalIDString = F09B08F51BE2C210003E5C30;
			remoteInfo = Kana;
		};
/* End PBXContainerItemProxy section */

/* Begin PBXFileReference section */
		F09B08F61BE2C210003E5C30 /* Kana.app */ = {isa = PBXFileReference; explicitFileType = wrapper.application; includeInIndex = 0; path = Kana.app; sourceTree = BUILT_PRODUCTS_DIR; };
		F09B08F91BE2C211003E5C30 /* AppDelegate.swift */ = {isa = PBXFileReference; lastKnownFileType = sourcecode.swift; path = AppDelegate.swift; sourceTree = "<group>"; };
		F09B08FB1BE2C211003E5C30 /* RootViewController.swift */ = {isa = PBXFileReference; lastKnownFileType = sourcecode.swift; path = RootViewController.swift; sourceTree = "<group>"; };
		F09B08FD1BE2C211003E5C30 /* DataViewController.swift */ = {isa = PBXFileReference; lastKnownFileType = sourcecode.swift; path = DataViewController.swift; sourceTree = "<group>"; };
		F09B08FF1BE2C211003E5C30 /* ModelController.swift */ = {isa = PBXFileReference; lastKnownFileType = sourcecode.swift; path = ModelController.swift; sourceTree = "<group>"; };
		F09B09021BE2C211003E5C30 /* Base */ = {isa = PBXFileReference; lastKnownFileType = file.storyboard; name = Base; path = Base.lproj/Main.storyboard; sourceTree = "<group>"; };
		F09B09041BE2C211003E5C30 /* Assets.xcassets */ = {isa = PBXFileReference; lastKnownFileType = folder.assetcatalog; path = Assets.xcassets; sourceTree = "<group>"; };
		F09B09071BE2C211003E5C30 /* Base */ = {isa = PBXFileReference; lastKnownFileType = file.storyboard; name = Base; path = Base.lproj/LaunchScreen.storyboard; sourceTree = "<group>"; };
		F09B09091BE2C211003E5C30 /* Info.plist */ = {isa = PBXFileReference; lastKnownFileType = text.plist.xml; path = Info.plist; sourceTree = "<group>"; };
		F09B090E1BE2C211003E5C30 /* KanaTests.xctest */ = {isa = PBXFileReference; explicitFileType = wrapper.cfbundle; includeInIndex = 0; path = KanaTests.xctest; sourceTree = BUILT_PRODUCTS_DIR; };
		F09B09121BE2C211003E5C30 /* KanaTests.swift */ = {isa = PBXFileReference; lastKnownFileType = sourcecode.swift; path = KanaTests.swift; sourceTree = "<group>"; };
		F09B09141BE2C211003E5C30 /* Info.plist */ = {isa = PBXFileReference; lastKnownFileType = text.plist.xml; path = Info.plist; sourceTree = "<group>"; };
		F09B09191BE2C211003E5C30 /* KanaUITests.xctest */ = {isa = PBXFileReference; explicitFileType = wrapper.cfbundle; includeInIndex = 0; path = KanaUITests.xctest; sourceTree = BUILT_PRODUCTS_DIR; };
		F09B091D1BE2C211003E5C30 /* KanaUITests.swift */ = {isa = PBXFileReference; lastKnownFileType = sourcecode.swift; path = KanaUITests.swift; sourceTree = "<group>"; };
		F09B091F1BE2C211003E5C30 /* Info.plist */ = {isa = PBXFileReference; lastKnownFileType = text.plist.xml; path = Info.plist; sourceTree = "<group>"; };
/* End PBXFileReference section */

/* Begin PBXFrameworksBuildPhase section */
		F09B08F31BE2C210003E5C30 /* Frameworks */ = {
			isa = PBXFrameworksBuildPhase;
			buildActionMask = 2147483647;
			files = (
			);
			runOnlyForDeploymentPostprocessing = 0;
		};
		F09B090B1BE2C211003E5C30 /* Frameworks */ = {
			isa = PBXFrameworksBuildPhase;
			buildActionMask = 2147483647;
			files = (
			);
			runOnlyForDeploymentPostprocessing = 0;
		};
		F09B09161BE2C211003E5C30 /* Frameworks */ = {
			isa = PBXFrameworksBuildPhase;
			buildActionMask = 2147483647;
			files = (
			);
			runOnlyForDeploymentPostprocessing = 0;
		};
/* End PBXFrameworksBuildPhase section */

/* Begin PBXGroup section */
		F09B08ED1BE2C210003E5C30 = {
			isa = PBXGroup;
			children = (
				F09B08F81BE2C210003E5C30 /* Kana */,
				F09B09111BE2C211003E5C30 /* KanaTests */,
				F09B091C1BE2C211003E5C30 /* KanaUITests */,
				F09B08F71BE2C210003E5C30 /* Products */,
			);
			sourceTree = "<group>";
		};
		F09B08F71BE2C210003E5C30 /* Products */ = {
			isa = PBXGroup;
			children = (
				F09B08F61BE2C210003E5C30 /* Kana.app */,
				F09B090E1BE2C211003E5C30 /* KanaTests.xctest */,
				F09B09191BE2C211003E5C30 /* KanaUITests.xctest */,
			);
			name = Products;
			sourceTree = "<group>";
		};
		F09B08F81BE2C210003E5C30 /* Kana */ = {
			isa = PBXGroup;
			children = (
				F09B08F91BE2C211003E5C30 /* AppDelegate.swift */,
				F09B08FB1BE2C211003E5C30 /* RootViewController.swift */,
				F09B08FD1BE2C211003E5C30 /* DataViewController.swift */,
				F09B08FF1BE2C211003E5C30 /* ModelController.swift */,
				F09B09011BE2C211003E5C30 /* Main.storyboard */,
				F09B09041BE2C211003E5C30 /* Assets.xcassets */,
				F09B09061BE2C211003E5C30 /* LaunchScreen.storyboard */,
				F09B09091BE2C211003E5C30 /* Info.plist */,
			);
			path = Kana;
			sourceTree = "<group>";
		};
		F09B09111BE2C211003E5C30 /* KanaTests */ = {
			isa = PBXGroup;
			children = (
				F09B09121BE2C211003E5C30 /* KanaTests.swift */,
				F09B09141BE2C211003E5C30 /* Info.plist */,
			);
			path = KanaTests;
			sourceTree = "<group>";
		};
		F09B091C1BE2C211003E5C30 /* KanaUITests */ = {
			isa = PBXGroup;
			children = (
				F09B091D1BE2C211003E5C30 /* KanaUITests.swift */,
				F09B091F1BE2C211003E5C30 /* Info.plist */,
			);
			path = KanaUITests;
			sourceTree = "<group>";
		};
/* End PBXGroup section */

/* Begin PBXNativeTarget section */
		F09B08F51BE2C210003E5C30 /* Kana */ = {
			isa = PBXNativeTarget;
			buildConfigurationList = F09B09221BE2C211003E5C30 /* Build configuration list for PBXNativeTarget "Kana" */;
			buildPhases = (
				F09B08F21BE2C210003E5C30 /* Sources */,
				F09B08F31BE2C210003E5C30 /* Frameworks */,
				F09B08F41BE2C210003E5C30 /* Resources */,
			);
			buildRules = (
			);
			dependencies = (
			);
			name = Kana;
			productName = Kana;
			productReference = F09B08F61BE2C210003E5C30 /* Kana.app */;
			productType = "com.apple.product-type.application";
		};
		F09B090D1BE2C211003E5C30 /* KanaTests */ = {
			isa = PBXNativeTarget;
			buildConfigurationList = F09B09251BE2C211003E5C30 /* Build configuration list for PBXNativeTarget "KanaTests" */;
			buildPhases = (
				F09B090A1BE2C211003E5C30 /* Sources */,
				F09B090B1BE2C211003E5C30 /* Frameworks */,
				F09B090C1BE2C211003E5C30 /* Resources */,
			);
			buildRules = (
			);
			dependencies = (
				F09B09101BE2C211003E5C30 /* PBXTargetDependency */,
			);
			name = KanaTests;
			productName = KanaTests;
			productReference = F09B090E1BE2C211003E5C30 /* KanaTests.xctest */;
			productType = "com.apple.product-type.bundle.unit-test";
		};
		F09B09181BE2C211003E5C30 /* KanaUITests */ = {
			isa = PBXNativeTarget;
			buildConfigurationList = F09B09281BE2C211003E5C30 /* Build configuration list for PBXNativeTarget "KanaUITests" */;
			buildPhases = (
				F09B09151BE2C211003E5C30 /* Sources */,
				F09B09161BE2C211003E5C30 /* Frameworks */,
				F09B09171BE2C211003E5C30 /* Resources */,
			);
			buildRules = (
			);
			dependencies = (
				F09B091B1BE2C211003E5C30 /* PBXTargetDependency */,
			);
			name = KanaUITests;
			productName = KanaUITests;
			productReference = F09B09191BE2C211003E5C30 /* KanaUITests.xctest */;
			productType = "com.apple.product-type.bundle.ui-testing";
		};
/* End PBXNativeTarget section */

/* Begin PBXProject section */
		F09B08EE1BE2C210003E5C30 /* Project object */ = {
			isa = PBXProject;
			attributes = {
				LastSwiftUpdateCheck = 0710;
				LastUpgradeCheck = 0710;
				ORGANIZATIONNAME = "Mad Men of Super Science, LLC";
				TargetAttributes = {
					F09B08F51BE2C210003E5C30 = {
						CreatedOnToolsVersion = 7.1;
					};
					F09B090D1BE2C211003E5C30 = {
						CreatedOnToolsVersion = 7.1;
						TestTargetID = F09B08F51BE2C210003E5C30;
					};
					F09B09181BE2C211003E5C30 = {
						CreatedOnToolsVersion = 7.1;
						TestTargetID = F09B08F51BE2C210003E5C30;
					};
				};
			};
			buildConfigurationList = F09B08F11BE2C210003E5C30 /* Build configuration list for PBXProject "Kana" */;
			compatibilityVersion = "Xcode 3.2";
			developmentRegion = English;
			hasScannedForEncodings = 0;
			knownRegions = (
				en,
				Base,
			);
			mainGroup = F09B08ED1BE2C210003E5C30;
			productRefGroup = F09B08F71BE2C210003E5C30 /* Products */;
			projectDirPath = "";
			projectRoot = "";
			targets = (
				F09B08F51BE2C210003E5C30 /* Kana */,
				F09B090D1BE2C211003E5C30 /* KanaTests */,
				F09B09181BE2C211003E5C30 /* KanaUITests */,
			);
		};
/* End PBXProject section */

/* Begin PBXResourcesBuildPhase section */
		F09B08F41BE2C210003E5C30 /* Resources */ = {
			isa = PBXResourcesBuildPhase;
			buildActionMask = 2147483647;
			files = (
				F09B09081BE2C211003E5C30 /* LaunchScreen.storyboard in Resources */,
				F09B09051BE2C211003E5C30 /* Assets.xcassets in Resources */,
				F09B09031BE2C211003E5C30 /* Main.storyboard in Resources */,
			);
			runOnlyForDeploymentPostprocessing = 0;
		};
		F09B090C1BE2C211003E5C30 /* Resources */ = {
			isa = PBXResourcesBuildPhase;
			buildActionMask = 2147483647;
			files = (
			);
			runOnlyForDeploymentPostprocessing = 0;
		};
		F09B09171BE2C211003E5C30 /* Resources */ = {
			isa = PBXResourcesBuildPhase;
			buildActionMask = 2147483647;
			files = (
			);
			runOnlyForDeploymentPostprocessing = 0;
		};
/* End PBXResourcesBuildPhase section */

/* Begin PBXSourcesBuildPhase section */
		F09B08F21BE2C210003E5C30 /* Sources */ = {
			isa = PBXSourcesBuildPhase;
			buildActionMask = 2147483647;
			files = (
				F09B08FC1BE2C211003E5C30 /* RootViewController.swift in Sources */,
				F09B09001BE2C211003E5C30 /* ModelController.swift in Sources */,
				F09B08FE1BE2C211003E5C30 /* DataViewController.swift in Sources */,
				F09B08FA1BE2C211003E5C30 /* AppDelegate.swift in Sources */,
			);
			runOnlyForDeploymentPostprocessing = 0;
		};
		F09B090A1BE2C211003E5C30 /* Sources */ = {
			isa = PBXSourcesBuildPhase;
			buildActionMask = 2147483647;
			files = (
				F09B09131BE2C211003E5C30 /* KanaTests.swift in Sources */,
			);
			runOnlyForDeploymentPostprocessing = 0;
		};
		F09B09151BE2C211003E5C30 /* Sources */ = {
			isa = PBXSourcesBuildPhase;
			buildActionMask = 2147483647;
			files = (
				F09B091E1BE2C211003E5C30 /* KanaUITests.swift in Sources */,
			);
			runOnlyForDeploymentPostprocessing = 0;
		};
/* End PBXSourcesBuildPhase section */

/* Begin PBXTargetDependency section */
		F09B09101BE2C211003E5C30 /* PBXTargetDependency */ = {
			isa = PBXTargetDependency;
			target = F09B08F51BE2C210003E5C30 /* Kana */;
			targetProxy = F09B090F1BE2C211003E5C30 /* PBXContainerItemProxy */;
		};
		F09B091B1BE2C211003E5C30 /* PBXTargetDependency */ = {
			isa = PBXTargetDependency;
			target = F09B08F51BE2C210003E5C30 /* Kana */;
			targetProxy = F09B091A1BE2C211003E5C30 /* PBXContainerItemProxy */;
		};
/* End PBXTargetDependency section */

/* Begin PBXVariantGroup section */
		F09B09011BE2C211003E5C30 /* Main.storyboard */ = {
			isa = PBXVariantGroup;
			children = (
				F09B09021BE2C211003E5C30 /* Base */,
			);
			name = Main.storyboard;
			sourceTree = "<group>";
		};
		F09B09061BE2C211003E5C30 /* LaunchScreen.storyboard */ = {
			isa = PBXVariantGroup;
			children = (
				F09B09071BE2C211003E5C30 /* Base */,
			);
			name = LaunchScreen.storyboard;
			sourceTree = "<group>";
		};
/* End PBXVariantGroup section */

/* Begin XCBuildConfiguration section */
		F09B09201BE2C211003E5C30 /* Debug */ = {
			isa = XCBuildConfiguration;
			buildSettings = {
				ALWAYS_SEARCH_USER_PATHS = NO;
				CLANG_CXX_LANGUAGE_STANDARD = "gnu++0x";
				CLANG_CXX_LIBRARY = "libc++";
				CLANG_ENABLE_MODULES = YES;
				CLANG_ENABLE_OBJC_ARC = YES;
				CLANG_WARN_BOOL_CONVERSION = YES;
				CLANG_WARN_CONSTANT_CONVERSION = YES;
				CLANG_WARN_DIRECT_OBJC_ISA_USAGE = YES_ERROR;
				CLANG_WARN_EMPTY_BODY = YES;
				CLANG_WARN_ENUM_CONVERSION = YES;
				CLANG_WARN_INT_CONVERSION = YES;
				CLANG_WARN_OBJC_ROOT_CLASS = YES_ERROR;
				CLANG_WARN_UNREACHABLE_CODE = YES;
				CLANG_WARN__DUPLICATE_METHOD_MATCH = YES;
				"CODE_SIGN_IDENTITY[sdk=iphoneos*]" = "iPhone Developer";
				COPY_PHASE_STRIP = NO;
				DEBUG_INFORMATION_FORMAT = dwarf;
				ENABLE_STRICT_OBJC_MSGSEND = YES;
				ENABLE_TESTABILITY = YES;
				GCC_C_LANGUAGE_STANDARD = gnu99;
				GCC_DYNAMIC_NO_PIC = NO;
				GCC_NO_COMMON_BLOCKS = YES;
				GCC_OPTIMIZATION_LEVEL = 0;
				GCC_PREPROCESSOR_DEFINITIONS = (
					"DEBUG=1",
					"$(inherited)",
				);
				GCC_WARN_64_TO_32_BIT_CONVERSION = YES;
				GCC_WARN_ABOUT_RETURN_TYPE = YES_ERROR;
				GCC_WARN_UNDECLARED_SELECTOR = YES;
				GCC_WARN_UNINITIALIZED_AUTOS = YES_AGGRESSIVE;
				GCC_WARN_UNUSED_FUNCTION = YES;
				GCC_WARN_UNUSED_VARIABLE = YES;
				IPHONEOS_DEPLOYMENT_TARGET = 9.1;
				MTL_ENABLE_DEBUG_INFO = YES;
				ONLY_ACTIVE_ARCH = YES;
				SDKROOT = iphoneos;
				SWIFT_OPTIMIZATION_LEVEL = "-Onone";
				TARGETED_DEVICE_FAMILY = "1,2";
			};
			name = Debug;
		};
		F09B09211BE2C211003E5C30 /* Release */ = {
			isa = XCBuildConfiguration;
			buildSettings = {
				ALWAYS_SEARCH_USER_PATHS = NO;
				CLANG_CXX_LANGUAGE_STANDARD = "gnu++0x";
				CLANG_CXX_LIBRARY = "libc++";
				CLANG_ENABLE_MODULES = YES;
				CLANG_ENABLE_OBJC_ARC = YES;
				CLANG_WARN_BOOL_CONVERSION = YES;
				CLANG_WARN_CONSTANT_CONVERSION = YES;
				CLANG_WARN_DIRECT_OBJC_ISA_USAGE = YES_ERROR;
				CLANG_WARN_EMPTY_BODY = YES;
				CLANG_WARN_ENUM_CONVERSION = YES;
				CLANG_WARN_INT_CONVERSION = YES;
				CLANG_WARN_OBJC_ROOT_CLASS = YES_ERROR;
				CLANG_WARN_UNREACHABLE_CODE = YES;
				CLANG_WARN__DUPLICATE_METHOD_MATCH = YES;
				"CODE_SIGN_IDENTITY[sdk=iphoneos*]" = "iPhone Developer";
				COPY_PHASE_STRIP = NO;
				DEBUG_INFORMATION_FORMAT = "dwarf-with-dsym";
				ENABLE_NS_ASSERTIONS = NO;
				ENABLE_STRICT_OBJC_MSGSEND = YES;
				GCC_C_LANGUAGE_STANDARD = gnu99;
				GCC_NO_COMMON_BLOCKS = YES;
				GCC_WARN_64_TO_32_BIT_CONVERSION = YES;
				GCC_WARN_ABOUT_RETURN_TYPE = YES_ERROR;
				GCC_WARN_UNDECLARED_SELECTOR = YES;
				GCC_WARN_UNINITIALIZED_AUTOS = YES_AGGRESSIVE;
				GCC_WARN_UNUSED_FUNCTION = YES;
				GCC_WARN_UNUSED_VARIABLE = YES;
				IPHONEOS_DEPLOYMENT_TARGET = 9.1;
				MTL_ENABLE_DEBUG_INFO = NO;
				SDKROOT = iphoneos;
				TARGETED_DEVICE_FAMILY = "1,2";
				VALIDATE_PRODUCT = YES;
			};
			name = Release;
		};
		F09B09231BE2C211003E5C30 /* Debug */ = {
			isa = XCBuildConfiguration;
			buildSettings = {
				ASSETCATALOG_COMPILER_APPICON_NAME = AppIcon;
				INFOPLIST_FILE = Kana/Info.plist;
				LD_RUNPATH_SEARCH_PATHS = "$(inherited) @executable_path/Frameworks";
				PRODUCT_BUNDLE_IDENTIFIER = mmoss.Kana;
				PRODUCT_NAME = "$(TARGET_NAME)";
			};
			name = Debug;
		};
		F09B09241BE2C211003E5C30 /* Release */ = {
			isa = XCBuildConfiguration;
			buildSettings = {
				ASSETCATALOG_COMPILER_APPICON_NAME = AppIcon;
				INFOPLIST_FILE = Kana/Info.plist;
				LD_RUNPATH_SEARCH_PATHS = "$(inherited) @executable_path/Frameworks";
				PRODUCT_BUNDLE_IDENTIFIER = mmoss.Kana;
				PRODUCT_NAME = "$(TARGET_NAME)";
			};
			name = Release;
		};
		F09B09261BE2C211003E5C30 /* Debug */ = {
			isa = XCBuildConfiguration;
			buildSettings = {
				BUNDLE_LOADER = "$(TEST_HOST)";
				INFOPLIST_FILE = KanaTests/Info.plist;
				LD_RUNPATH_SEARCH_PATHS = "$(inherited) @executable_path/Frameworks @loader_path/Frameworks";
				PRODUCT_BUNDLE_IDENTIFIER = mmoss.KanaTests;
				PRODUCT_NAME = "$(TARGET_NAME)";
				TEST_HOST = "$(BUILT_PRODUCTS_DIR)/Kana.app/Kana";
			};
			name = Debug;
		};
		F09B09271BE2C211003E5C30 /* Release */ = {
			isa = XCBuildConfiguration;
			buildSettings = {
				BUNDLE_LOADER = "$(TEST_HOST)";
				INFOPLIST_FILE = KanaTests/Info.plist;
				LD_RUNPATH_SEARCH_PATHS = "$(inherited) @executable_path/Frameworks @loader_path/Frameworks";
				PRODUCT_BUNDLE_IDENTIFIER = mmoss.KanaTests;
				PRODUCT_NAME = "$(TARGET_NAME)";
				TEST_HOST = "$(BUILT_PRODUCTS_DIR)/Kana.app/Kana";
			};
			name = Release;
		};
		F09B09291BE2C211003E5C30 /* Debug */ = {
			isa = XCBuildConfiguration;
			buildSettings = {
				INFOPLIST_FILE = KanaUITests/Info.plist;
				LD_RUNPATH_SEARCH_PATHS = "$(inherited) @executable_path/Frameworks @loader_path/Frameworks";
				PRODUCT_BUNDLE_IDENTIFIER = mmoss.KanaUITests;
				PRODUCT_NAME = "$(TARGET_NAME)";
				TEST_TARGET_NAME = Kana;
				USES_XCTRUNNER = YES;
			};
			name = Debug;
		};
		F09B092A1BE2C211003E5C30 /* Release */ = {
			isa = XCBuildConfiguration;
			buildSettings = {
				INFOPLIST_FILE = KanaUITests/Info.plist;
				LD_RUNPATH_SEARCH_PATHS = "$(inherited) @executable_path/Frameworks @loader_path/Frameworks";
				PRODUCT_BUNDLE_IDENTIFIER = mmoss.KanaUITests;
				PRODUCT_NAME = "$(TARGET_NAME)";
				TEST_TARGET_NAME = Kana;
				USES_XCTRUNNER = YES;
			};
			name = Release;
		};
/* End XCBuildConfiguration section */

/* Begin XCConfigurationList section */
		F09B08F11BE2C210003E5C30 /* Build configuration list for PBXProject "Kana" */ = {
			isa = XCConfigurationList;
			buildConfigurations = (
				F09B09201BE2C211003E5C30 /* Debug */,
				F09B09211BE2C211003E5C30 /* Release */,
			);
			defaultConfigurationIsVisible = 0;
			defaultConfigurationName = Release;
		};
		F09B09221BE2C211003E5C30 /* Build configuration list for PBXNativeTarget "Kana" */ = {
			isa = XCConfigurationList;
			buildConfigurations = (
				F09B09231BE2C211003E5C30 /* Debug */,
				F09B09241BE2C211003E5C30 /* Release */,
			);
			defaultConfigurationIsVisible = 0;
		};
		F09B09251BE2C211003E5C30 /* Build configuration list for PBXNativeTarget "KanaTests" */ = {
			isa = XCConfigurationList;
			buildConfigurations = (
				F09B09261BE2C211003E5C30 /* Debug */,
				F09B09271BE2C211003E5C30 /* Release */,
			);
			defaultConfigurationIsVisible = 0;
		};
		F09B09281BE2C211003E5C30 /* Build configuration list for PBXNativeTarget "KanaUITests" */ = {
			isa = XCConfigurationList;
			buildConfigurations = (
				F09B09291BE2C211003E5C30 /* Debug */,
				F09B092A1BE2C211003E5C30 /* Release */,
			);
			defaultConfigurationIsVisible = 0;
		};
/* End XCConfigurationList section */
	};
	rootObject = F09B08EE1BE2C210003E5C30 /* Project object */;
}
